
Microsoft Visual Studio Solution File, Format Version 12.00
# Visual Studio Version 16
VisualStudioVersion = 16.0.29411.108
MinimumVisualStudioVersion = 10.0.40219.1
Project("{FAE04EC0-301F-11D3-BF4B-00C04F79EFBC}") = "ml", "ml.csproj", "{A8614C3C-E88A-4E56-9A35-960B4E94A31E}"
EndProject
Global
	GlobalSection(SolutionConfigurationPlatforms) = preSolution
		Debug|Any CPU = Debug|Any CPU
		Release|Any CPU = Release|Any CPU
	EndGlobalSection
	GlobalSection(ProjectConfigurationPlatforms) = postSolution
		{A8614C3C-E88A-4E56-9A35-960B4E94A31E}.Debug|Any CPU.ActiveCfg = Debug|Any CPU
		{A8614C3C-E88A-4E56-9A35-960B4E94A31E}.Debug|Any CPU.Build.0 = Debug|Any CPU
		{A8614C3C-E88A-4E56-9A35-960B4E94A31E}.Release|Any CPU.ActiveCfg = Release|Any CPU
		{A8614C3C-E88A-4E56-9A35-960B4E94A31E}.Release|Any CPU.Build.0 = Release|Any CPU
	EndGlobalSection
	GlobalSection(SolutionProperties) = preSolution
		HideSolutionNode = FALSE
	EndGlobalSection
	GlobalSection(ExtensibilityGlobals) = postSolution
		SolutionGuid = {5E3316C0-CDD2-423C-A056-F708EE3410A9}
	EndGlobalSection
EndGlobal
